
Microsoft Visual Studio Solution File, Format Version 12.00
# Visual Studio Version 17
VisualStudioVersion = 17.1.32421.90
MinimumVisualStudioVersion = 10.0.40219.1
Project("{9A19103F-16F7-4668-BE54-9A1E7A4F7556}") = "LegacyCommon", "LegacyCommon\LegacyCommon.csproj", "{DB70ACE6-401E-47E6-A911-9C0827E9EC39}"
EndProject
Project("{9A19103F-16F7-4668-BE54-9A1E7A4F7556}") = "LegacyIntegrator", "LegacyIntegrator\LegacyIntegrator.csproj", "{09E01DD6-2AEC-4284-B0E9-E28025F1330B}"
EndProject
Project("{9A19103F-16F7-4668-BE54-9A1E7A4F7556}") = "LegacyIntegratorService", "LegacyIntegratorService\LegacyIntegratorService.csproj", "{27E6ABBB-8A98-4E84-A89A-BE8402055838}"
EndProject
Project("{9A19103F-16F7-4668-BE54-9A1E7A4F7556}") = "MemoryQueueAdapter", "MemoryQueueAdapter\MemoryQueueAdapter.csproj", "{F7CD82D5-1BF8-48B8-A59C-E7A025FBDB23}"
EndProject
Project("{2150E333-8FDC-42A3-9474-1A3956D46DE8}") = "UnitTest", "UnitTest", "{C61C4B84-08DC-48F4-91D2-D58218B3857A}"
EndProject
Project("{9A19103F-16F7-4668-BE54-9A1E7A4F7556}") = "MemoryQueueAdapterTester", "MemoryQueueAdapterTester\MemoryQueueAdapterTester.csproj", "{58829997-D513-40AB-A54B-52E7F216555C}"
EndProject
Project("{9A19103F-16F7-4668-BE54-9A1E7A4F7556}") = "IIS_DocAdapter", "IIS_DocAdapter\IIS_DocAdapter.csproj", "{D6B8A0DE-3C82-4692-AA95-C9A0785DDA5A}"
EndProject
Project("{9A19103F-16F7-4668-BE54-9A1E7A4F7556}") = "MemoryDocAdapterTester", "MemoryDocAdapterTester\MemoryDocAdapterTester.csproj", "{3362DD22-CDA0-4C25-ADCC-D75F8DDEFD25}"
EndProject
Project("{9A19103F-16F7-4668-BE54-9A1E7A4F7556}") = "MemoryDocAdapter", "MemoryDocAdapter\MemoryDocAdapter.csproj", "{D67F3EB9-FC97-4C16-B0F5-76FE857D2221}"
EndProject
Project("{9A19103F-16F7-4668-BE54-9A1E7A4F7556}") = "IIS_DocTester", "IIS_DocTester\IIS_DocTester.csproj", "{6A3F3B4B-3B1A-4139-99F7-B26D048957BB}"
EndProject
Project("{2150E333-8FDC-42A3-9474-1A3956D46DE8}") = "References", "References", "{43036D01-823D-4A57-8FEC-9C9C7AD7A749}"
	ProjectSection(SolutionItems) = preProject
		References\System.Runtime.Caching.dll = References\System.Runtime.Caching.dll
	EndProjectSection
EndProject
Project("{9A19103F-16F7-4668-BE54-9A1E7A4F7556}") = "Tester", "Tester\Tester.csproj", "{A1E8B125-9EA6-4E83-B625-78F719B50222}"
EndProject
Project("{9A19103F-16F7-4668-BE54-9A1E7A4F7556}") = "KafkaAdapter", "KafkaAdapter\KafkaAdapter.csproj", "{436E6D09-245E-4E8B-B573-5DD7600AACBD}"
EndProject
Project("{9A19103F-16F7-4668-BE54-9A1E7A4F7556}") = "KafkaAdapterTester", "KafkaAdapterTester\KafkaAdapterTester.csproj", "{FD86E3EC-3083-4849-B2CB-FFC0270C6049}"
EndProject
Project("{9A19103F-16F7-4668-BE54-9A1E7A4F7556}") = "S3AdapterTester", "AWSS3AdapterTest\S3AdapterTester.csproj", "{CDB4B5BB-4C6F-412C-ADC6-B1FBD499F170}"
EndProject
Project("{9A19103F-16F7-4668-BE54-9A1E7A4F7556}") = "AzureIoTAdapterTester", "AzureIoTAdapterTester\AzureIoTAdapterTester.csproj", "{A0D7B78F-DEED-4CD6-AA2E-2BF415919C3D}"
EndProject
Project("{9A19103F-16F7-4668-BE54-9A1E7A4F7556}") = "RabbitMQAdapter", "RabbitMQAdapter\RabbitMQAdapter.csproj", "{648F5E8A-40B6-4EFF-A058-5FB08145CE96}"
EndProject
Global
	GlobalSection(SolutionConfigurationPlatforms) = preSolution
		Debug|Any CPU = Debug|Any CPU
		Debug|x64 = Debug|x64
		Release|Any CPU = Release|Any CPU
		Release|x64 = Release|x64
	EndGlobalSection
	GlobalSection(ProjectConfigurationPlatforms) = postSolution
		{DB70ACE6-401E-47E6-A911-9C0827E9EC39}.Debug|Any CPU.ActiveCfg = Debug|Any CPU
		{DB70ACE6-401E-47E6-A911-9C0827E9EC39}.Debug|Any CPU.Build.0 = Debug|Any CPU
		{DB70ACE6-401E-47E6-A911-9C0827E9EC39}.Debug|x64.ActiveCfg = Debug|x64
		{DB70ACE6-401E-47E6-A911-9C0827E9EC39}.Debug|x64.Build.0 = Debug|x64
		{DB70ACE6-401E-47E6-A911-9C0827E9EC39}.Release|Any CPU.ActiveCfg = Release|Any CPU
		{DB70ACE6-401E-47E6-A911-9C0827E9EC39}.Release|Any CPU.Build.0 = Release|Any CPU
		{DB70ACE6-401E-47E6-A911-9C0827E9EC39}.Release|x64.ActiveCfg = Release|x64
		{DB70ACE6-401E-47E6-A911-9C0827E9EC39}.Release|x64.Build.0 = Release|x64
		{09E01DD6-2AEC-4284-B0E9-E28025F1330B}.Debug|Any CPU.ActiveCfg = Debug|Any CPU
		{09E01DD6-2AEC-4284-B0E9-E28025F1330B}.Debug|Any CPU.Build.0 = Debug|Any CPU
		{09E01DD6-2AEC-4284-B0E9-E28025F1330B}.Debug|x64.ActiveCfg = Debug|x64
		{09E01DD6-2AEC-4284-B0E9-E28025F1330B}.Debug|x64.Build.0 = Debug|x64
		{09E01DD6-2AEC-4284-B0E9-E28025F1330B}.Release|Any CPU.ActiveCfg = Release|Any CPU
		{09E01DD6-2AEC-4284-B0E9-E28025F1330B}.Release|Any CPU.Build.0 = Release|Any CPU
		{09E01DD6-2AEC-4284-B0E9-E28025F1330B}.Release|x64.ActiveCfg = Release|x64
		{09E01DD6-2AEC-4284-B0E9-E28025F1330B}.Release|x64.Build.0 = Release|x64
		{27E6ABBB-8A98-4E84-A89A-BE8402055838}.Debug|Any CPU.ActiveCfg = Debug|Any CPU
		{27E6ABBB-8A98-4E84-A89A-BE8402055838}.Debug|Any CPU.Build.0 = Debug|Any CPU
		{27E6ABBB-8A98-4E84-A89A-BE8402055838}.Debug|x64.ActiveCfg = Debug|x64
		{27E6ABBB-8A98-4E84-A89A-BE8402055838}.Debug|x64.Build.0 = Debug|x64
		{27E6ABBB-8A98-4E84-A89A-BE8402055838}.Release|Any CPU.ActiveCfg = Release|Any CPU
		{27E6ABBB-8A98-4E84-A89A-BE8402055838}.Release|Any CPU.Build.0 = Release|Any CPU
		{27E6ABBB-8A98-4E84-A89A-BE8402055838}.Release|x64.ActiveCfg = Release|x64
		{27E6ABBB-8A98-4E84-A89A-BE8402055838}.Release|x64.Build.0 = Release|x64
		{F7CD82D5-1BF8-48B8-A59C-E7A025FBDB23}.Debug|Any CPU.ActiveCfg = Debug|Any CPU
		{F7CD82D5-1BF8-48B8-A59C-E7A025FBDB23}.Debug|Any CPU.Build.0 = Debug|Any CPU
		{F7CD82D5-1BF8-48B8-A59C-E7A025FBDB23}.Debug|x64.ActiveCfg = Debug|x64
		{F7CD82D5-1BF8-48B8-A59C-E7A025FBDB23}.Debug|x64.Build.0 = Debug|x64
		{F7CD82D5-1BF8-48B8-A59C-E7A025FBDB23}.Release|Any CPU.ActiveCfg = Release|Any CPU
		{F7CD82D5-1BF8-48B8-A59C-E7A025FBDB23}.Release|Any CPU.Build.0 = Release|Any CPU
		{F7CD82D5-1BF8-48B8-A59C-E7A025FBDB23}.Release|x64.ActiveCfg = Release|x64
		{F7CD82D5-1BF8-48B8-A59C-E7A025FBDB23}.Release|x64.Build.0 = Release|x64
		{58829997-D513-40AB-A54B-52E7F216555C}.Debug|Any CPU.ActiveCfg = Debug|Any CPU
		{58829997-D513-40AB-A54B-52E7F216555C}.Debug|x64.ActiveCfg = Debug|x64
		{58829997-D513-40AB-A54B-52E7F216555C}.Debug|x64.Build.0 = Debug|x64
		{58829997-D513-40AB-A54B-52E7F216555C}.Release|Any CPU.ActiveCfg = Release|Any CPU
		{58829997-D513-40AB-A54B-52E7F216555C}.Release|Any CPU.Build.0 = Release|Any CPU
		{58829997-D513-40AB-A54B-52E7F216555C}.Release|x64.ActiveCfg = Release|x64
		{58829997-D513-40AB-A54B-52E7F216555C}.Release|x64.Build.0 = Release|x64
		{D6B8A0DE-3C82-4692-AA95-C9A0785DDA5A}.Debug|Any CPU.ActiveCfg = Debug|Any CPU
		{D6B8A0DE-3C82-4692-AA95-C9A0785DDA5A}.Debug|x64.ActiveCfg = Debug|x64
		{D6B8A0DE-3C82-4692-AA95-C9A0785DDA5A}.Debug|x64.Build.0 = Debug|x64
		{D6B8A0DE-3C82-4692-AA95-C9A0785DDA5A}.Release|Any CPU.ActiveCfg = Release|Any CPU
		{D6B8A0DE-3C82-4692-AA95-C9A0785DDA5A}.Release|Any CPU.Build.0 = Release|Any CPU
		{D6B8A0DE-3C82-4692-AA95-C9A0785DDA5A}.Release|x64.ActiveCfg = Release|x64
		{D6B8A0DE-3C82-4692-AA95-C9A0785DDA5A}.Release|x64.Build.0 = Release|x64
		{3362DD22-CDA0-4C25-ADCC-D75F8DDEFD25}.Debug|Any CPU.ActiveCfg = Debug|Any CPU
		{3362DD22-CDA0-4C25-ADCC-D75F8DDEFD25}.Debug|x64.ActiveCfg = Debug|x64
		{3362DD22-CDA0-4C25-ADCC-D75F8DDEFD25}.Debug|x64.Build.0 = Debug|x64
		{3362DD22-CDA0-4C25-ADCC-D75F8DDEFD25}.Release|Any CPU.ActiveCfg = Release|Any CPU
		{3362DD22-CDA0-4C25-ADCC-D75F8DDEFD25}.Release|Any CPU.Build.0 = Release|Any CPU
		{3362DD22-CDA0-4C25-ADCC-D75F8DDEFD25}.Release|x64.ActiveCfg = Release|x64
		{3362DD22-CDA0-4C25-ADCC-D75F8DDEFD25}.Release|x64.Build.0 = Release|x64
		{D67F3EB9-FC97-4C16-B0F5-76FE857D2221}.Debug|Any CPU.ActiveCfg = Debug|Any CPU
		{D67F3EB9-FC97-4C16-B0F5-76FE857D2221}.Debug|Any CPU.Build.0 = Debug|Any CPU
		{D67F3EB9-FC97-4C16-B0F5-76FE857D2221}.Debug|x64.ActiveCfg = Debug|x64
		{D67F3EB9-FC97-4C16-B0F5-76FE857D2221}.Debug|x64.Build.0 = Debug|x64
		{D67F3EB9-FC97-4C16-B0F5-76FE857D2221}.Release|Any CPU.ActiveCfg = Release|Any CPU
		{D67F3EB9-FC97-4C16-B0F5-76FE857D2221}.Release|Any CPU.Build.0 = Release|Any CPU
		{D67F3EB9-FC97-4C16-B0F5-76FE857D2221}.Release|x64.ActiveCfg = Release|x64
		{D67F3EB9-FC97-4C16-B0F5-76FE857D2221}.Release|x64.Build.0 = Release|x64
		{6A3F3B4B-3B1A-4139-99F7-B26D048957BB}.Debug|Any CPU.ActiveCfg = Debug|Any CPU
		{6A3F3B4B-3B1A-4139-99F7-B26D048957BB}.Debug|x64.ActiveCfg = Debug|x64
		{6A3F3B4B-3B1A-4139-99F7-B26D048957BB}.Debug|x64.Build.0 = Debug|x64
		{6A3F3B4B-3B1A-4139-99F7-B26D048957BB}.Release|Any CPU.ActiveCfg = Release|Any CPU
		{6A3F3B4B-3B1A-4139-99F7-B26D048957BB}.Release|Any CPU.Build.0 = Release|Any CPU
		{6A3F3B4B-3B1A-4139-99F7-B26D048957BB}.Release|x64.ActiveCfg = Release|x64
		{6A3F3B4B-3B1A-4139-99F7-B26D048957BB}.Release|x64.Build.0 = Release|x64
		{A1E8B125-9EA6-4E83-B625-78F719B50222}.Debug|Any CPU.ActiveCfg = Debug|Any CPU
		{A1E8B125-9EA6-4E83-B625-78F719B50222}.Debug|x64.ActiveCfg = Debug|x64
		{A1E8B125-9EA6-4E83-B625-78F719B50222}.Debug|x64.Build.0 = Debug|x64
		{A1E8B125-9EA6-4E83-B625-78F719B50222}.Release|Any CPU.ActiveCfg = Release|Any CPU
		{A1E8B125-9EA6-4E83-B625-78F719B50222}.Release|Any CPU.Build.0 = Release|Any CPU
		{A1E8B125-9EA6-4E83-B625-78F719B50222}.Release|x64.ActiveCfg = Release|x64
		{A1E8B125-9EA6-4E83-B625-78F719B50222}.Release|x64.Build.0 = Release|x64
		{436E6D09-245E-4E8B-B573-5DD7600AACBD}.Debug|Any CPU.ActiveCfg = Debug|Any CPU
		{436E6D09-245E-4E8B-B573-5DD7600AACBD}.Debug|Any CPU.Build.0 = Debug|Any CPU
		{436E6D09-245E-4E8B-B573-5DD7600AACBD}.Debug|x64.ActiveCfg = Debug|Any CPU
		{436E6D09-245E-4E8B-B573-5DD7600AACBD}.Debug|x64.Build.0 = Debug|Any CPU
		{436E6D09-245E-4E8B-B573-5DD7600AACBD}.Release|Any CPU.ActiveCfg = Release|Any CPU
		{436E6D09-245E-4E8B-B573-5DD7600AACBD}.Release|Any CPU.Build.0 = Release|Any CPU
		{436E6D09-245E-4E8B-B573-5DD7600AACBD}.Release|x64.ActiveCfg = Release|Any CPU
		{436E6D09-245E-4E8B-B573-5DD7600AACBD}.Release|x64.Build.0 = Release|Any CPU
		{FD86E3EC-3083-4849-B2CB-FFC0270C6049}.Debug|Any CPU.ActiveCfg = Debug|Any CPU
		{FD86E3EC-3083-4849-B2CB-FFC0270C6049}.Debug|Any CPU.Build.0 = Debug|Any CPU
		{FD86E3EC-3083-4849-B2CB-FFC0270C6049}.Debug|x64.ActiveCfg = Debug|Any CPU
		{FD86E3EC-3083-4849-B2CB-FFC0270C6049}.Debug|x64.Build.0 = Debug|Any CPU
		{FD86E3EC-3083-4849-B2CB-FFC0270C6049}.Release|Any CPU.ActiveCfg = Release|Any CPU
		{FD86E3EC-3083-4849-B2CB-FFC0270C6049}.Release|Any CPU.Build.0 = Release|Any CPU
		{FD86E3EC-3083-4849-B2CB-FFC0270C6049}.Release|x64.ActiveCfg = Release|Any CPU
		{FD86E3EC-3083-4849-B2CB-FFC0270C6049}.Release|x64.Build.0 = Release|Any CPU
		{CDB4B5BB-4C6F-412C-ADC6-B1FBD499F170}.Debug|Any CPU.ActiveCfg = Debug|Any CPU
		{CDB4B5BB-4C6F-412C-ADC6-B1FBD499F170}.Debug|Any CPU.Build.0 = Debug|Any CPU
		{CDB4B5BB-4C6F-412C-ADC6-B1FBD499F170}.Debug|x64.ActiveCfg = Debug|Any CPU
		{CDB4B5BB-4C6F-412C-ADC6-B1FBD499F170}.Debug|x64.Build.0 = Debug|Any CPU
		{CDB4B5BB-4C6F-412C-ADC6-B1FBD499F170}.Release|Any CPU.ActiveCfg = Release|Any CPU
		{CDB4B5BB-4C6F-412C-ADC6-B1FBD499F170}.Release|Any CPU.Build.0 = Release|Any CPU
		{CDB4B5BB-4C6F-412C-ADC6-B1FBD499F170}.Release|x64.ActiveCfg = Release|Any CPU
		{CDB4B5BB-4C6F-412C-ADC6-B1FBD499F170}.Release|x64.Build.0 = Release|Any CPU
		{A0D7B78F-DEED-4CD6-AA2E-2BF415919C3D}.Debug|Any CPU.ActiveCfg = Debug|Any CPU
		{A0D7B78F-DEED-4CD6-AA2E-2BF415919C3D}.Debug|Any CPU.Build.0 = Debug|Any CPU
		{A0D7B78F-DEED-4CD6-AA2E-2BF415919C3D}.Debug|x64.ActiveCfg = Debug|Any CPU
		{A0D7B78F-DEED-4CD6-AA2E-2BF415919C3D}.Debug|x64.Build.0 = Debug|Any CPU
		{A0D7B78F-DEED-4CD6-AA2E-2BF415919C3D}.Release|Any CPU.ActiveCfg = Release|Any CPU
		{A0D7B78F-DEED-4CD6-AA2E-2BF415919C3D}.Release|Any CPU.Build.0 = Release|Any CPU
		{A0D7B78F-DEED-4CD6-AA2E-2BF415919C3D}.Release|x64.ActiveCfg = Release|Any CPU
		{A0D7B78F-DEED-4CD6-AA2E-2BF415919C3D}.Release|x64.Build.0 = Release|Any CPU
		{648F5E8A-40B6-4EFF-A058-5FB08145CE96}.Debug|Any CPU.ActiveCfg = Debug|Any CPU
		{648F5E8A-40B6-4EFF-A058-5FB08145CE96}.Debug|Any CPU.Build.0 = Debug|Any CPU
		{648F5E8A-40B6-4EFF-A058-5FB08145CE96}.Debug|x64.ActiveCfg = Debug|Any CPU
		{648F5E8A-40B6-4EFF-A058-5FB08145CE96}.Debug|x64.Build.0 = Debug|Any CPU
		{648F5E8A-40B6-4EFF-A058-5FB08145CE96}.Release|Any CPU.ActiveCfg = Release|Any CPU
		{648F5E8A-40B6-4EFF-A058-5FB08145CE96}.Release|Any CPU.Build.0 = Release|Any CPU
		{648F5E8A-40B6-4EFF-A058-5FB08145CE96}.Release|x64.ActiveCfg = Release|Any CPU
		{648F5E8A-40B6-4EFF-A058-5FB08145CE96}.Release|x64.Build.0 = Release|Any CPU
	EndGlobalSection
	GlobalSection(SolutionProperties) = preSolution
		HideSolutionNode = FALSE
	EndGlobalSection
	GlobalSection(NestedProjects) = preSolution
		{58829997-D513-40AB-A54B-52E7F216555C} = {C61C4B84-08DC-48F4-91D2-D58218B3857A}
		{3362DD22-CDA0-4C25-ADCC-D75F8DDEFD25} = {C61C4B84-08DC-48F4-91D2-D58218B3857A}
		{6A3F3B4B-3B1A-4139-99F7-B26D048957BB} = {C61C4B84-08DC-48F4-91D2-D58218B3857A}
		{A1E8B125-9EA6-4E83-B625-78F719B50222} = {C61C4B84-08DC-48F4-91D2-D58218B3857A}
		{FD86E3EC-3083-4849-B2CB-FFC0270C6049} = {C61C4B84-08DC-48F4-91D2-D58218B3857A}
		{CDB4B5BB-4C6F-412C-ADC6-B1FBD499F170} = {C61C4B84-08DC-48F4-91D2-D58218B3857A}
		{A0D7B78F-DEED-4CD6-AA2E-2BF415919C3D} = {C61C4B84-08DC-48F4-91D2-D58218B3857A}
	EndGlobalSection
	GlobalSection(ExtensibilityGlobals) = postSolution
		SolutionGuid = {005D2B56-DBBE-4B47-8457-791057BC84DF}
	EndGlobalSection
EndGlobal
